
Microsoft Visual Studio Solution File, Format Version 12.00
# Visual Studio Version 17
VisualStudioVersion = 17.3.32804.467
MinimumVisualStudioVersion = 10.0.40219.1
Project("{2150E333-8FDC-42A3-9474-1A3956D46DE8}") = "Common", "Common", "{171C9F2B-82DC-40A4-B70F-FE5DAD83A164}"
EndProject
Project("{2150E333-8FDC-42A3-9474-1A3956D46DE8}") = "Core", "Core", "{CA98D46A-0505-4EBE-AEDB-71F325EDBABB}"
EndProject
Project("{2150E333-8FDC-42A3-9474-1A3956D46DE8}") = "Infrastructure", "Infrastructure", "{476ECEDA-CCD2-4067-89E9-653EC9314514}"
EndProject
Project("{2150E333-8FDC-42A3-9474-1A3956D46DE8}") = "Presentation", "Presentation", "{1D565CA9-0BE8-4A11-BB7F-2335466F03F4}"
EndProject
Project("{9A19103F-16F7-4668-BE54-9A1E7A4F7556}") = "TTYC.Domain", "TTYC.Domain\TTYC.Domain.csproj", "{680D4140-D82D-44F0-B8A8-1BDCDC5A77B9}"
EndProject
Project("{9A19103F-16F7-4668-BE54-9A1E7A4F7556}") = "TTYC.Application", "TTYC.Application\TTYC.Application.csproj", "{3BB2FCFD-6638-4C63-9352-66FB0BDADF06}"
EndProject
Project("{9A19103F-16F7-4668-BE54-9A1E7A4F7556}") = "TTYC.Persistence", "TTYC.Persistence\TTYC.Persistence.csproj", "{0FC17B0D-6A74-453D-9918-41585D9427EA}"
EndProject
Project("{2150E333-8FDC-42A3-9474-1A3956D46DE8}") = "Src", "Src", "{6FE0A82F-36EA-4220-8590-B522B0057B1B}"
EndProject
Project("{9A19103F-16F7-4668-BE54-9A1E7A4F7556}") = "TTYC.Constants", "TTYC.Constants\TTYC.Constants.csproj", "{49A762A2-6A8C-41A9-98E1-5421E36246D6}"
EndProject
Project("{9A19103F-16F7-4668-BE54-9A1E7A4F7556}") = "TTYC.ClientAPI", "TTYC.ClientAPI\TTYC.ClientAPI.csproj", "{EA6FC429-0BE4-49C0-A7D0-A4993A83A8A4}"
EndProject
Project("{9A19103F-16F7-4668-BE54-9A1E7A4F7556}") = "TTYC.Migrations", "TTYC.Migrations\TTYC.Migrations.csproj", "{4A5196D9-8469-4A48-AA5A-4B1DC1456A95}"
EndProject
Project("{FAE04EC0-301F-11D3-BF4B-00C04F79EFBC}") = "TTYC.IdentityServer", "TTYC.IdentityServer\TTYC.IdentityServer.csproj", "{82BB2277-2154-4FCE-860E-C6E6E9F2AE5A}"
EndProject
Global
	GlobalSection(SolutionConfigurationPlatforms) = preSolution
		Debug|Any CPU = Debug|Any CPU
		Release|Any CPU = Release|Any CPU
	EndGlobalSection
	GlobalSection(ProjectConfigurationPlatforms) = postSolution
		{680D4140-D82D-44F0-B8A8-1BDCDC5A77B9}.Debug|Any CPU.ActiveCfg = Debug|Any CPU
		{680D4140-D82D-44F0-B8A8-1BDCDC5A77B9}.Debug|Any CPU.Build.0 = Debug|Any CPU
		{680D4140-D82D-44F0-B8A8-1BDCDC5A77B9}.Release|Any CPU.ActiveCfg = Release|Any CPU
		{680D4140-D82D-44F0-B8A8-1BDCDC5A77B9}.Release|Any CPU.Build.0 = Release|Any CPU
		{3BB2FCFD-6638-4C63-9352-66FB0BDADF06}.Debug|Any CPU.ActiveCfg = Debug|Any CPU
		{3BB2FCFD-6638-4C63-9352-66FB0BDADF06}.Debug|Any CPU.Build.0 = Debug|Any CPU
		{3BB2FCFD-6638-4C63-9352-66FB0BDADF06}.Release|Any CPU.ActiveCfg = Release|Any CPU
		{3BB2FCFD-6638-4C63-9352-66FB0BDADF06}.Release|Any CPU.Build.0 = Release|Any CPU
		{0FC17B0D-6A74-453D-9918-41585D9427EA}.Debug|Any CPU.ActiveCfg = Debug|Any CPU
		{0FC17B0D-6A74-453D-9918-41585D9427EA}.Debug|Any CPU.Build.0 = Debug|Any CPU
		{0FC17B0D-6A74-453D-9918-41585D9427EA}.Release|Any CPU.ActiveCfg = Release|Any CPU
		{0FC17B0D-6A74-453D-9918-41585D9427EA}.Release|Any CPU.Build.0 = Release|Any CPU
		{49A762A2-6A8C-41A9-98E1-5421E36246D6}.Debug|Any CPU.ActiveCfg = Debug|Any CPU
		{49A762A2-6A8C-41A9-98E1-5421E36246D6}.Debug|Any CPU.Build.0 = Debug|Any CPU
		{49A762A2-6A8C-41A9-98E1-5421E36246D6}.Release|Any CPU.ActiveCfg = Release|Any CPU
		{49A762A2-6A8C-41A9-98E1-5421E36246D6}.Release|Any CPU.Build.0 = Release|Any CPU
		{EA6FC429-0BE4-49C0-A7D0-A4993A83A8A4}.Debug|Any CPU.ActiveCfg = Debug|Any CPU
		{EA6FC429-0BE4-49C0-A7D0-A4993A83A8A4}.Debug|Any CPU.Build.0 = Debug|Any CPU
		{EA6FC429-0BE4-49C0-A7D0-A4993A83A8A4}.Release|Any CPU.ActiveCfg = Release|Any CPU
		{EA6FC429-0BE4-49C0-A7D0-A4993A83A8A4}.Release|Any CPU.Build.0 = Release|Any CPU
		{4A5196D9-8469-4A48-AA5A-4B1DC1456A95}.Debug|Any CPU.ActiveCfg = Debug|Any CPU
		{4A5196D9-8469-4A48-AA5A-4B1DC1456A95}.Debug|Any CPU.Build.0 = Debug|Any CPU
		{4A5196D9-8469-4A48-AA5A-4B1DC1456A95}.Release|Any CPU.ActiveCfg = Release|Any CPU
		{4A5196D9-8469-4A48-AA5A-4B1DC1456A95}.Release|Any CPU.Build.0 = Release|Any CPU
		{82BB2277-2154-4FCE-860E-C6E6E9F2AE5A}.Debug|Any CPU.ActiveCfg = Debug|Any CPU
		{82BB2277-2154-4FCE-860E-C6E6E9F2AE5A}.Debug|Any CPU.Build.0 = Debug|Any CPU
		{82BB2277-2154-4FCE-860E-C6E6E9F2AE5A}.Release|Any CPU.ActiveCfg = Release|Any CPU
		{82BB2277-2154-4FCE-860E-C6E6E9F2AE5A}.Release|Any CPU.Build.0 = Release|Any CPU
	EndGlobalSection
	GlobalSection(SolutionProperties) = preSolution
		HideSolutionNode = FALSE
	EndGlobalSection
	GlobalSection(NestedProjects) = preSolution
		{171C9F2B-82DC-40A4-B70F-FE5DAD83A164} = {6FE0A82F-36EA-4220-8590-B522B0057B1B}
		{CA98D46A-0505-4EBE-AEDB-71F325EDBABB} = {6FE0A82F-36EA-4220-8590-B522B0057B1B}
		{476ECEDA-CCD2-4067-89E9-653EC9314514} = {6FE0A82F-36EA-4220-8590-B522B0057B1B}
		{1D565CA9-0BE8-4A11-BB7F-2335466F03F4} = {6FE0A82F-36EA-4220-8590-B522B0057B1B}
		{680D4140-D82D-44F0-B8A8-1BDCDC5A77B9} = {CA98D46A-0505-4EBE-AEDB-71F325EDBABB}
		{3BB2FCFD-6638-4C63-9352-66FB0BDADF06} = {CA98D46A-0505-4EBE-AEDB-71F325EDBABB}
		{0FC17B0D-6A74-453D-9918-41585D9427EA} = {476ECEDA-CCD2-4067-89E9-653EC9314514}
		{49A762A2-6A8C-41A9-98E1-5421E36246D6} = {171C9F2B-82DC-40A4-B70F-FE5DAD83A164}
		{EA6FC429-0BE4-49C0-A7D0-A4993A83A8A4} = {1D565CA9-0BE8-4A11-BB7F-2335466F03F4}
		{4A5196D9-8469-4A48-AA5A-4B1DC1456A95} = {476ECEDA-CCD2-4067-89E9-653EC9314514}
		{82BB2277-2154-4FCE-860E-C6E6E9F2AE5A} = {1D565CA9-0BE8-4A11-BB7F-2335466F03F4}
	EndGlobalSection
	GlobalSection(ExtensibilityGlobals) = postSolution
		SolutionGuid = {3327849B-A163-427B-914D-661E15DF1944}
	EndGlobalSection
EndGlobal
